{
  "name": "saving-password-and-setting-username-in-cookie---practice-assignment-2-main",
  "version": "1.0.0",
  "lockfileVersion": 3,
  "requires": true,
  "packages": {
    "": {
      "name": "saving-password-and-setting-username-in-cookie---practice-assignment-2-main",
      "version": "1.0.0",
      "license": "ISC"
    }
  }
}
